
Microsoft Visual Studio Solution File, Format Version 12.00
# Visual Studio Version 17
VisualStudioVersion = 17.7.34031.279
MinimumVisualStudioVersion = 10.0.40219.1
Project("{FAE04EC0-301F-11D3-BF4B-00C04F79EFBC}") = "UI", "ProviderFormApp\UI.csproj", "{70B69D7A-CE46-4B63-9822-83C386E2B9DB}"
EndProject
Project("{FAE04EC0-301F-11D3-BF4B-00C04F79EFBC}") = "ProviderLibrary", "ProviderLibrary\ProviderLibrary.csproj", "{ECCF5291-CDCC-4FC6-A4CE-0F7566F8DAB5}"
EndProject
Global
	GlobalSection(SolutionConfigurationPlatforms) = preSolution
		Debug|Any CPU = Debug|Any CPU
		Release|Any CPU = Release|Any CPU
	EndGlobalSection
	GlobalSection(ProjectConfigurationPlatforms) = postSolution
		{70B69D7A-CE46-4B63-9822-83C386E2B9DB}.Debug|Any CPU.ActiveCfg = Debug|Any CPU
		{70B69D7A-CE46-4B63-9822-83C386E2B9DB}.Debug|Any CPU.Build.0 = Debug|Any CPU
		{70B69D7A-CE46-4B63-9822-83C386E2B9DB}.Release|Any CPU.ActiveCfg = Release|Any CPU
		{70B69D7A-CE46-4B63-9822-83C386E2B9DB}.Release|Any CPU.Build.0 = Release|Any CPU
		{ECCF5291-CDCC-4FC6-A4CE-0F7566F8DAB5}.Debug|Any CPU.ActiveCfg = Debug|Any CPU
		{ECCF5291-CDCC-4FC6-A4CE-0F7566F8DAB5}.Debug|Any CPU.Build.0 = Debug|Any CPU
		{ECCF5291-CDCC-4FC6-A4CE-0F7566F8DAB5}.Release|Any CPU.ActiveCfg = Release|Any CPU
		{ECCF5291-CDCC-4FC6-A4CE-0F7566F8DAB5}.Release|Any CPU.Build.0 = Release|Any CPU
	EndGlobalSection
	GlobalSection(SolutionProperties) = preSolution
		HideSolutionNode = FALSE
	EndGlobalSection
	GlobalSection(ExtensibilityGlobals) = postSolution
		SolutionGuid = {5DE944DA-ABF3-41C5-9862-B92B90488891}
	EndGlobalSection
EndGlobal
